// !$*UTF8*$!
{
	archiveVersion = 1;
	classes = {
	};
	objectVersion = 56;
	objects = {

/* Begin PBXBuildFile section */
		D55CCD1C2964C7710075CBAB /* AppDelegate.swift in Sources */ = {isa = PBXBuildFile; fileRef = D55CCD1B2964C7710075CBAB /* AppDelegate.swift */; };
		D55CCD1E2964C7710075CBAB /* SceneDelegate.swift in Sources */ = {isa = PBXBuildFile; fileRef = D55CCD1D2964C7710075CBAB /* SceneDelegate.swift */; };
		D55CCD202964C7710075CBAB /* LoginViewController.swift in Sources */ = {isa = PBXBuildFile; fileRef = D55CCD1F2964C7710075CBAB /* LoginViewController.swift */; };
		D55CCD232964C7710075CBAB /* Main.storyboard in Resources */ = {isa = PBXBuildFile; fileRef = D55CCD212964C7710075CBAB /* Main.storyboard */; };
		D55CCD252964C7720075CBAB /* Assets.xcassets in Resources */ = {isa = PBXBuildFile; fileRef = D55CCD242964C7720075CBAB /* Assets.xcassets */; };
		D55CCD282964C7720075CBAB /* LaunchScreen.storyboard in Resources */ = {isa = PBXBuildFile; fileRef = D55CCD262964C7720075CBAB /* LaunchScreen.storyboard */; };
		D55CCD302964D3CC0075CBAB /* WelcomViewController.swift in Sources */ = {isa = PBXBuildFile; fileRef = D55CCD2F2964D3CC0075CBAB /* WelcomViewController.swift */; };
		D55CCD3A29699B370075CBAB /* User.swift in Sources */ = {isa = PBXBuildFile; fileRef = D55CCD3929699B370075CBAB /* User.swift */; };
		D55CCD3C2969EFF40075CBAB /* InfoViewController.swift in Sources */ = {isa = PBXBuildFile; fileRef = D55CCD3B2969EFF40075CBAB /* InfoViewController.swift */; };
		D55CCD3E2969FF510075CBAB /* ReposViewController.swift in Sources */ = {isa = PBXBuildFile; fileRef = D55CCD3D2969FF510075CBAB /* ReposViewController.swift */; };
/* End PBXBuildFile section */

/* Begin PBXFileReference section */
		D55CCD182964C7710075CBAB /* LoginApp.app */ = {isa = PBXFileReference; explicitFileType = wrapper.application; includeInIndex = 0; path = LoginApp.app; sourceTree = BUILT_PRODUCTS_DIR; };
		D55CCD1B2964C7710075CBAB /* AppDelegate.swift */ = {isa = PBXFileReference; lastKnownFileType = sourcecode.swift; path = AppDelegate.swift; sourceTree = "<group>"; };
		D55CCD1D2964C7710075CBAB /* SceneDelegate.swift */ = {isa = PBXFileReference; lastKnownFileType = sourcecode.swift; path = SceneDelegate.swift; sourceTree = "<group>"; };
		D55CCD1F2964C7710075CBAB /* LoginViewController.swift */ = {isa = PBXFileReference; lastKnownFileType = sourcecode.swift; path = LoginViewController.swift; sourceTree = "<group>"; };
		D55CCD222964C7710075CBAB /* Base */ = {isa = PBXFileReference; lastKnownFileType = file.storyboard; name = Base; path = Base.lproj/Main.storyboard; sourceTree = "<group>"; };
		D55CCD242964C7720075CBAB /* Assets.xcassets */ = {isa = PBXFileReference; lastKnownFileType = folder.assetcatalog; path = Assets.xcassets; sourceTree = "<group>"; };
		D55CCD272964C7720075CBAB /* Base */ = {isa = PBXFileReference; lastKnownFileType = file.storyboard; name = Base; path = Base.lproj/LaunchScreen.storyboard; sourceTree = "<group>"; };
		D55CCD292964C7720075CBAB /* Info.plist */ = {isa = PBXFileReference; lastKnownFileType = text.plist.xml; path = Info.plist; sourceTree = "<group>"; };
		D55CCD2F2964D3CC0075CBAB /* WelcomViewController.swift */ = {isa = PBXFileReference; lastKnownFileType = sourcecode.swift; path = WelcomViewController.swift; sourceTree = "<group>"; };
		D55CCD3929699B370075CBAB /* User.swift */ = {isa = PBXFileReference; lastKnownFileType = sourcecode.swift; name = User.swift; path = Models/User.swift; sourceTree = "<group>"; };
		D55CCD3B2969EFF40075CBAB /* InfoViewController.swift */ = {isa = PBXFileReference; lastKnownFileType = sourcecode.swift; path = InfoViewController.swift; sourceTree = "<group>"; };
		D55CCD3D2969FF510075CBAB /* ReposViewController.swift */ = {isa = PBXFileReference; lastKnownFileType = sourcecode.swift; path = ReposViewController.swift; sourceTree = "<group>"; };
/* End PBXFileReference section */

/* Begin PBXFrameworksBuildPhase section */
		D55CCD152964C7710075CBAB /* Frameworks */ = {
			isa = PBXFrameworksBuildPhase;
			buildActionMask = 2147483647;
			files = (
			);
			runOnlyForDeploymentPostprocessing = 0;
		};
/* End PBXFrameworksBuildPhase section */

/* Begin PBXGroup section */
		D55CCD0F2964C7710075CBAB = {
			isa = PBXGroup;
			children = (
				D55CCD1A2964C7710075CBAB /* LoginApp */,
				D55CCD192964C7710075CBAB /* Products */,
			);
			sourceTree = "<group>";
		};
		D55CCD192964C7710075CBAB /* Products */ = {
			isa = PBXGroup;
			children = (
				D55CCD182964C7710075CBAB /* LoginApp.app */,
			);
			name = Products;
			sourceTree = "<group>";
		};
		D55CCD1A2964C7710075CBAB /* LoginApp */ = {
			isa = PBXGroup;
			children = (
				D55CCD36296993130075CBAB /* Configs */,
				D55CCD372969931D0075CBAB /* ViewControllers */,
				D55CCD382969933F0075CBAB /* StoryBoards */,
				D55CCD242964C7720075CBAB /* Assets.xcassets */,
				D55CCD292964C7720075CBAB /* Info.plist */,
				D55CCD3929699B370075CBAB /* User.swift */,
			);
			path = LoginApp;
			sourceTree = "<group>";
		};
		D55CCD36296993130075CBAB /* Configs */ = {
			isa = PBXGroup;
			children = (
				D55CCD1B2964C7710075CBAB /* AppDelegate.swift */,
				D55CCD1D2964C7710075CBAB /* SceneDelegate.swift */,
			);
			path = Configs;
			sourceTree = "<group>";
		};
		D55CCD372969931D0075CBAB /* ViewControllers */ = {
			isa = PBXGroup;
			children = (
				D55CCD1F2964C7710075CBAB /* LoginViewController.swift */,
				D55CCD3B2969EFF40075CBAB /* InfoViewController.swift */,
				D55CCD3D2969FF510075CBAB /* ReposViewController.swift */,
				D55CCD2F2964D3CC0075CBAB /* WelcomViewController.swift */,
			);
			path = ViewControllers;
			sourceTree = "<group>";
		};
		D55CCD382969933F0075CBAB /* StoryBoards */ = {
			isa = PBXGroup;
			children = (
				D55CCD212964C7710075CBAB /* Main.storyboard */,
				D55CCD262964C7720075CBAB /* LaunchScreen.storyboard */,
			);
			path = StoryBoards;
			sourceTree = "<group>";
		};
/* End PBXGroup section */

/* Begin PBXNativeTarget section */
		D55CCD172964C7710075CBAB /* LoginApp */ = {
			isa = PBXNativeTarget;
			buildConfigurationList = D55CCD2C2964C7720075CBAB /* Build configuration list for PBXNativeTarget "LoginApp" */;
			buildPhases = (
				D55CCD142964C7710075CBAB /* Sources */,
				D55CCD152964C7710075CBAB /* Frameworks */,
				D55CCD162964C7710075CBAB /* Resources */,
			);
			buildRules = (
			);
			dependencies = (
			);
			name = LoginApp;
			productName = LoginApp;
			productReference = D55CCD182964C7710075CBAB /* LoginApp.app */;
			productType = "com.apple.product-type.application";
		};
/* End PBXNativeTarget section */

/* Begin PBXProject section */
		D55CCD102964C7710075CBAB /* Project object */ = {
			isa = PBXProject;
			attributes = {
				BuildIndependentTargetsInParallel = 1;
				LastSwiftUpdateCheck = 1410;
				LastUpgradeCheck = 1410;
				TargetAttributes = {
					D55CCD172964C7710075CBAB = {
						CreatedOnToolsVersion = 14.1;
					};
				};
			};
			buildConfigurationList = D55CCD132964C7710075CBAB /* Build configuration list for PBXProject "LoginApp" */;
			compatibilityVersion = "Xcode 14.0";
			developmentRegion = en;
			hasScannedForEncodings = 0;
			knownRegions = (
				en,
				Base,
			);
			mainGroup = D55CCD0F2964C7710075CBAB;
			productRefGroup = D55CCD192964C7710075CBAB /* Products */;
			projectDirPath = "";
			projectRoot = "";
			targets = (
				D55CCD172964C7710075CBAB /* LoginApp */,
			);
		};
/* End PBXProject section */

/* Begin PBXResourcesBuildPhase section */
		D55CCD162964C7710075CBAB /* Resources */ = {
			isa = PBXResourcesBuildPhase;
			buildActionMask = 2147483647;
			files = (
				D55CCD282964C7720075CBAB /* LaunchScreen.storyboard in Resources */,
				D55CCD252964C7720075CBAB /* Assets.xcassets in Resources */,
				D55CCD232964C7710075CBAB /* Main.storyboard in Resources */,
			);
			runOnlyForDeploymentPostprocessing = 0;
		};
/* End PBXResourcesBuildPhase section */

/* Begin PBXSourcesBuildPhase section */
		D55CCD142964C7710075CBAB /* Sources */ = {
			isa = PBXSourcesBuildPhase;
			buildActionMask = 2147483647;
			files = (
				D55CCD202964C7710075CBAB /* LoginViewController.swift in Sources */,
				D55CCD1C2964C7710075CBAB /* AppDelegate.swift in Sources */,
				D55CCD1E2964C7710075CBAB /* SceneDelegate.swift in Sources */,
				D55CCD3E2969FF510075CBAB /* ReposViewController.swift in Sources */,
				D55CCD3A29699B370075CBAB /* User.swift in Sources */,
				D55CCD3C2969EFF40075CBAB /* InfoViewController.swift in Sources */,
				D55CCD302964D3CC0075CBAB /* WelcomViewController.swift in Sources */,
			);
			runOnlyForDeploymentPostprocessing = 0;
		};
/* End PBXSourcesBuildPhase section */

/* Begin PBXVariantGroup section */
		D55CCD212964C7710075CBAB /* Main.storyboard */ = {
			isa = PBXVariantGroup;
			children = (
				D55CCD222964C7710075CBAB /* Base */,
			);
			name = Main.storyboard;
			sourceTree = "<group>";
		};
		D55CCD262964C7720075CBAB /* LaunchScreen.storyboard */ = {
			isa = PBXVariantGroup;
			children = (
				D55CCD272964C7720075CBAB /* Base */,
			);
			name = LaunchScreen.storyboard;
			sourceTree = "<group>";
		};
/* End PBXVariantGroup section */

/* Begin XCBuildConfiguration section */
		D55CCD2A2964C7720075CBAB /* Debug */ = {
			isa = XCBuildConfiguration;
			buildSettings = {
				ALWAYS_SEARCH_USER_PATHS = NO;
				CLANG_ANALYZER_NONNULL = YES;
				CLANG_ANALYZER_NUMBER_OBJECT_CONVERSION = YES_AGGRESSIVE;
				CLANG_CXX_LANGUAGE_STANDARD = "gnu++20";
				CLANG_ENABLE_MODULES = YES;
				CLANG_ENABLE_OBJC_ARC = YES;
				CLANG_ENABLE_OBJC_WEAK = YES;
				CLANG_WARN_BLOCK_CAPTURE_AUTORELEASING = YES;
				CLANG_WARN_BOOL_CONVERSION = YES;
				CLANG_WARN_COMMA = YES;
				CLANG_WARN_CONSTANT_CONVERSION = YES;
				CLANG_WARN_DEPRECATED_OBJC_IMPLEMENTATIONS = YES;
				CLANG_WARN_DIRECT_OBJC_ISA_USAGE = YES_ERROR;
				CLANG_WARN_DOCUMENTATION_COMMENTS = YES;
				CLANG_WARN_EMPTY_BODY = YES;
				CLANG_WARN_ENUM_CONVERSION = YES;
				CLANG_WARN_INFINITE_RECURSION = YES;
				CLANG_WARN_INT_CONVERSION = YES;
				CLANG_WARN_NON_LITERAL_NULL_CONVERSION = YES;
				CLANG_WARN_OBJC_IMPLICIT_RETAIN_SELF = YES;
				CLANG_WARN_OBJC_LITERAL_CONVERSION = YES;
				CLANG_WARN_OBJC_ROOT_CLASS = YES_ERROR;
				CLANG_WARN_QUOTED_INCLUDE_IN_FRAMEWORK_HEADER = YES;
				CLANG_WARN_RANGE_LOOP_ANALYSIS = YES;
				CLANG_WARN_STRICT_PROTOTYPES = YES;
				CLANG_WARN_SUSPICIOUS_MOVE = YES;
				CLANG_WARN_UNGUARDED_AVAILABILITY = YES_AGGRESSIVE;
				CLANG_WARN_UNREACHABLE_CODE = YES;
				CLANG_WARN__DUPLICATE_METHOD_MATCH = YES;
				COPY_PHASE_STRIP = NO;
				DEBUG_INFORMATION_FORMAT = dwarf;
				ENABLE_STRICT_OBJC_MSGSEND = YES;
				ENABLE_TESTABILITY = YES;
				GCC_C_LANGUAGE_STANDARD = gnu11;
				GCC_DYNAMIC_NO_PIC = NO;
				GCC_NO_COMMON_BLOCKS = YES;
				GCC_OPTIMIZATION_LEVEL = 0;
				GCC_PREPROCESSOR_DEFINITIONS = (
					"DEBUG=1",
					"$(inherited)",
				);
				GCC_WARN_64_TO_32_BIT_CONVERSION = YES;
				GCC_WARN_ABOUT_RETURN_TYPE = YES_ERROR;
				GCC_WARN_UNDECLARED_SELECTOR = YES;
				GCC_WARN_UNINITIALIZED_AUTOS = YES_AGGRESSIVE;
				GCC_WARN_UNUSED_FUNCTION = YES;
				GCC_WARN_UNUSED_VARIABLE = YES;
				IPHONEOS_DEPLOYMENT_TARGET = 16.1;
				MTL_ENABLE_DEBUG_INFO = INCLUDE_SOURCE;
				MTL_FAST_MATH = YES;
				ONLY_ACTIVE_ARCH = YES;
				SDKROOT = iphoneos;
				SWIFT_ACTIVE_COMPILATION_CONDITIONS = DEBUG;
				SWIFT_OPTIMIZATION_LEVEL = "-Onone";
			};
			name = Debug;
		};
		D55CCD2B2964C7720075CBAB /* Release */ = {
			isa = XCBuildConfiguration;
			buildSettings = {
				ALWAYS_SEARCH_USER_PATHS = NO;
				CLANG_ANALYZER_NONNULL = YES;
				CLANG_ANALYZER_NUMBER_OBJECT_CONVERSION = YES_AGGRESSIVE;
				CLANG_CXX_LANGUAGE_STANDARD = "gnu++20";
				CLANG_ENABLE_MODULES = YES;
				CLANG_ENABLE_OBJC_ARC = YES;
				CLANG_ENABLE_OBJC_WEAK = YES;
				CLANG_WARN_BLOCK_CAPTURE_AUTORELEASING = YES;
				CLANG_WARN_BOOL_CONVERSION = YES;
				CLANG_WARN_COMMA = YES;
				CLANG_WARN_CONSTANT_CONVERSION = YES;
				CLANG_WARN_DEPRECATED_OBJC_IMPLEMENTATIONS = YES;
				CLANG_WARN_DIRECT_OBJC_ISA_USAGE = YES_ERROR;
				CLANG_WARN_DOCUMENTATION_COMMENTS = YES;
				CLANG_WARN_EMPTY_BODY = YES;
				CLANG_WARN_ENUM_CONVERSION = YES;
				CLANG_WARN_INFINITE_RECURSION = YES;
				CLANG_WARN_INT_CONVERSION = YES;
				CLANG_WARN_NON_LITERAL_NULL_CONVERSION = YES;
				CLANG_WARN_OBJC_IMPLICIT_RETAIN_SELF = YES;
				CLANG_WARN_OBJC_LITERAL_CONVERSION = YES;
				CLANG_WARN_OBJC_ROOT_CLASS = YES_ERROR;
				CLANG_WARN_QUOTED_INCLUDE_IN_FRAMEWORK_HEADER = YES;
				CLANG_WARN_RANGE_LOOP_ANALYSIS = YES;
				CLANG_WARN_STRICT_PROTOTYPES = YES;
				CLANG_WARN_SUSPICIOUS_MOVE = YES;
				CLANG_WARN_UNGUARDED_AVAILABILITY = YES_AGGRESSIVE;
				CLANG_WARN_UNREACHABLE_CODE = YES;
				CLANG_WARN__DUPLICATE_METHOD_MATCH = YES;
				COPY_PHASE_STRIP = NO;
				DEBUG_INFORMATION_FORMAT = "dwarf-with-dsym";
				ENABLE_NS_ASSERTIONS = NO;
				ENABLE_STRICT_OBJC_MSGSEND = YES;
				GCC_C_LANGUAGE_STANDARD = gnu11;
				GCC_NO_COMMON_BLOCKS = YES;
				GCC_WARN_64_TO_32_BIT_CONVERSION = YES;
				GCC_WARN_ABOUT_RETURN_TYPE = YES_ERROR;
				GCC_WARN_UNDECLARED_SELECTOR = YES;
				GCC_WARN_UNINITIALIZED_AUTOS = YES_AGGRESSIVE;
				GCC_WARN_UNUSED_FUNCTION = YES;
				GCC_WARN_UNUSED_VARIABLE = YES;
				IPHONEOS_DEPLOYMENT_TARGET = 16.1;
				MTL_ENABLE_DEBUG_INFO = NO;
				MTL_FAST_MATH = YES;
				SDKROOT = iphoneos;
				SWIFT_COMPILATION_MODE = wholemodule;
				SWIFT_OPTIMIZATION_LEVEL = "-O";
				VALIDATE_PRODUCT = YES;
			};
			name = Release;
		};
		D55CCD2D2964C7720075CBAB /* Debug */ = {
			isa = XCBuildConfiguration;
			buildSettings = {
				ASSETCATALOG_COMPILER_APPICON_NAME = AppIcon;
				ASSETCATALOG_COMPILER_GLOBAL_ACCENT_COLOR_NAME = AccentColor;
				CODE_SIGN_STYLE = Automatic;
				CURRENT_PROJECT_VERSION = 1;
				GENERATE_INFOPLIST_FILE = YES;
				INFOPLIST_FILE = LoginApp/Info.plist;
				INFOPLIST_KEY_UIApplicationSupportsIndirectInputEvents = YES;
				INFOPLIST_KEY_UILaunchStoryboardName = LaunchScreen;
				INFOPLIST_KEY_UIMainStoryboardFile = Main;
				INFOPLIST_KEY_UISupportedInterfaceOrientations = UIInterfaceOrientationPortrait;
				INFOPLIST_KEY_UISupportedInterfaceOrientations_iPad = "UIInterfaceOrientationLandscapeLeft UIInterfaceOrientationLandscapeRight UIInterfaceOrientationPortrait UIInterfaceOrientationPortraitUpsideDown";
				LD_RUNPATH_SEARCH_PATHS = (
					"$(inherited)",
					"@executable_path/Frameworks",
				);
				MARKETING_VERSION = 1.0;
				PRODUCT_BUNDLE_IDENTIFIER = org.sesoft.LoginApp;
				PRODUCT_NAME = "$(TARGET_NAME)";
				SUPPORTED_PLATFORMS = "iphoneos iphonesimulator";
				SUPPORTS_MACCATALYST = NO;
				SUPPORTS_MAC_DESIGNED_FOR_IPHONE_IPAD = NO;
				SWIFT_EMIT_LOC_STRINGS = YES;
				SWIFT_VERSION = 5.0;
				TARGETED_DEVICE_FAMILY = 1;
			};
			name = Debug;
		};
		D55CCD2E2964C7720075CBAB /* Release */ = {
			isa = XCBuildConfiguration;
			buildSettings = {
				ASSETCATALOG_COMPILER_APPICON_NAME = AppIcon;
				ASSETCATALOG_COMPILER_GLOBAL_ACCENT_COLOR_NAME = AccentColor;
				CODE_SIGN_STYLE = Automatic;
				CURRENT_PROJECT_VERSION = 1;
				GENERATE_INFOPLIST_FILE = YES;
				INFOPLIST_FILE = LoginApp/Info.plist;
				INFOPLIST_KEY_UIApplicationSupportsIndirectInputEvents = YES;
				INFOPLIST_KEY_UILaunchStoryboardName = LaunchScreen;
				INFOPLIST_KEY_UIMainStoryboardFile = Main;
				INFOPLIST_KEY_UISupportedInterfaceOrientations = UIInterfaceOrientationPortrait;
				INFOPLIST_KEY_UISupportedInterfaceOrientations_iPad = "UIInterfaceOrientationLandscapeLeft UIInterfaceOrientationLandscapeRight UIInterfaceOrientationPortrait UIInterfaceOrientationPortraitUpsideDown";
				LD_RUNPATH_SEARCH_PATHS = (
					"$(inherited)",
					"@executable_path/Frameworks",
				);
				MARKETING_VERSION = 1.0;
				PRODUCT_BUNDLE_IDENTIFIER = org.sesoft.LoginApp;
				PRODUCT_NAME = "$(TARGET_NAME)";
				SUPPORTED_PLATFORMS = "iphoneos iphonesimulator";
				SUPPORTS_MACCATALYST = NO;
				SUPPORTS_MAC_DESIGNED_FOR_IPHONE_IPAD = NO;
				SWIFT_EMIT_LOC_STRINGS = YES;
				SWIFT_VERSION = 5.0;
				TARGETED_DEVICE_FAMILY = 1;
			};
			name = Release;
		};
/* End XCBuildConfiguration section */

/* Begin XCConfigurationList section */
		D55CCD132964C7710075CBAB /* Build configuration list for PBXProject "LoginApp" */ = {
			isa = XCConfigurationList;
			buildConfigurations = (
				D55CCD2A2964C7720075CBAB /* Debug */,
				D55CCD2B2964C7720075CBAB /* Release */,
			);
			defaultConfigurationIsVisible = 0;
			defaultConfigurationName = Release;
		};
		D55CCD2C2964C7720075CBAB /* Build configuration list for PBXNativeTarget "LoginApp" */ = {
			isa = XCConfigurationList;
			buildConfigurations = (
				D55CCD2D2964C7720075CBAB /* Debug */,
				D55CCD2E2964C7720075CBAB /* Release */,
			);
			defaultConfigurationIsVisible = 0;
			defaultConfigurationName = Release;
		};
/* End XCConfigurationList section */
	};
	rootObject = D55CCD102964C7710075CBAB /* Project object */;
}
